{
  "requires": true,
  "lockfileVersion": 1,
  "dependencies": {
    "vue-router-user-roles": {
      "version": "0.1.92",
      "resolved": "https://registry.npmjs.org/vue-router-user-roles/-/vue-router-user-roles-0.1.92.tgz",
      "integrity": "sha512-0t8hty+l8DRJIFgh7W6VRuuRGw//tibWMwHK23lJAxcW/XsEZ34VMGXsRdYRCmgjgVCtqEsfbsNRB9YQ0d7seQ==",
      "dev": true
    }
  }
}
